PODS:
  - Alamofire (5.6.1)
  - MBProgressHUD (1.2.0)
  - PromiseKit (6.17.1):
    - PromiseKit/CorePromise (= 6.17.1)
    - PromiseKit/Foundation (= 6.17.1)
    - PromiseKit/UIKit (= 6.17.1)
  - PromiseKit/CorePromise (6.17.1)
  - PromiseKit/Foundation (6.17.1):
    - PromiseKit/CorePromise
  - PromiseKit/UIKit (6.17.1):
    - PromiseKit/CorePromise
  - SwiftyJSON (5.0.1)

DEPENDENCIES:
  - Alamofire
  - MBProgressHUD
  - PromiseKit
  - SwiftyJSON

SPEC REPOS:
  trunk:
    - Alamofire
    - MBProgressHUD
    - PromiseKit
    - SwiftyJSON

SPEC CHECKSUMS:
  Alamofire: 87bd8c952f9a4454320fce00d9cc3de57bcadaf5
  MBProgressHUD: 3ee5efcc380f6a79a7cc9b363dd669c5e1ae7406
  PromiseKit: ee485df3d4dc570594d7e7aecae6352697dc6a4c
  SwiftyJSON: 2f33a42c6fbc52764d96f13368585094bfd8aa5e

PODFILE CHECKSUM: a908bafb1014b15113e49e3e41d996082e3ce82b

COCOAPODS: 1.11.2
